
Microsoft Visual Studio Solution File, Format Version 12.00
# Visual Studio Version 17
VisualStudioVersion = 17.11.35219.272
MinimumVisualStudioVersion = 10.0.40219.1
Project("{FAE04EC0-301F-11D3-BF4B-00C04F79EFBC}") = "AreaTrianguloMVVM3381809", "AreaTrianguloMVVM3381809\AreaTrianguloMVVM3381809.csproj", "{D35E6957-3CFA-4C65-8F96-7F5DE3985985}"
EndProject
Global
	GlobalSection(SolutionConfigurationPlatforms) = preSolution
		Debug|Any CPU = Debug|Any CPU
		Release|Any CPU = Release|Any CPU
	EndGlobalSection
	GlobalSection(ProjectConfigurationPlatforms) = postSolution
		{D35E6957-3CFA-4C65-8F96-7F5DE3985985}.Debug|Any CPU.ActiveCfg = Debug|Any CPU
		{D35E6957-3CFA-4C65-8F96-7F5DE3985985}.Debug|Any CPU.Build.0 = Debug|Any CPU
		{D35E6957-3CFA-4C65-8F96-7F5DE3985985}.Debug|Any CPU.Deploy.0 = Debug|Any CPU
		{D35E6957-3CFA-4C65-8F96-7F5DE3985985}.Release|Any CPU.ActiveCfg = Release|Any CPU
		{D35E6957-3CFA-4C65-8F96-7F5DE3985985}.Release|Any CPU.Build.0 = Release|Any CPU
		{D35E6957-3CFA-4C65-8F96-7F5DE3985985}.Release|Any CPU.Deploy.0 = Release|Any CPU
	EndGlobalSection
	GlobalSection(SolutionProperties) = preSolution
		HideSolutionNode = FALSE
	EndGlobalSection
	GlobalSection(ExtensibilityGlobals) = postSolution
		SolutionGuid = {CB9EEBD1-8A26-4E69-88AB-373D99E9720D}
	EndGlobalSection
EndGlobal
